
Microsoft Visual Studio Solution File, Format Version 12.00
# Visual Studio Version 17
VisualStudioVersion = 17.0.31903.59
MinimumVisualStudioVersion = 10.0.40219.1
Project("{9A19103F-16F7-4668-BE54-9A1E7A4F7556}") = "RubbishCam.Api", "RubbishCam.Api\RubbishCam.Api.csproj", "{183B1576-92AC-40EE-90D6-40C347BD33F2}"
EndProject
Project("{9A19103F-16F7-4668-BE54-9A1E7A4F7556}") = "RubbishCam.Data", "RubbishCam.Data\RubbishCam.Data.csproj", "{E3BDF28D-4D80-42CA-BB75-48B1795B0964}"
EndProject
Project("{9A19103F-16F7-4668-BE54-9A1E7A4F7556}") = "RubbishCam.Migrations.Pg", "RubbishCam.Migrations.Pg\RubbishCam.Migrations.Pg.csproj", "{7AB41DF9-F289-466F-882C-6ADF336EA5D0}"
EndProject
Project("{FAE04EC0-301F-11D3-BF4B-00C04F79EFBC}") = "RubbishCam.Domain", "RubbishCam.Domain\RubbishCam.Domain.csproj", "{1AC59804-834D-4660-AE1C-D3779D6C46C1}"
EndProject
Global
	GlobalSection(SolutionConfigurationPlatforms) = preSolution
		Debug|Any CPU = Debug|Any CPU
		Release|Any CPU = Release|Any CPU
	EndGlobalSection
	GlobalSection(ProjectConfigurationPlatforms) = postSolution
		{183B1576-92AC-40EE-90D6-40C347BD33F2}.Debug|Any CPU.ActiveCfg = Debug|Any CPU
		{183B1576-92AC-40EE-90D6-40C347BD33F2}.Debug|Any CPU.Build.0 = Debug|Any CPU
		{183B1576-92AC-40EE-90D6-40C347BD33F2}.Release|Any CPU.ActiveCfg = Release|Any CPU
		{183B1576-92AC-40EE-90D6-40C347BD33F2}.Release|Any CPU.Build.0 = Release|Any CPU
		{E3BDF28D-4D80-42CA-BB75-48B1795B0964}.Debug|Any CPU.ActiveCfg = Debug|Any CPU
		{E3BDF28D-4D80-42CA-BB75-48B1795B0964}.Debug|Any CPU.Build.0 = Debug|Any CPU
		{E3BDF28D-4D80-42CA-BB75-48B1795B0964}.Release|Any CPU.ActiveCfg = Release|Any CPU
		{E3BDF28D-4D80-42CA-BB75-48B1795B0964}.Release|Any CPU.Build.0 = Release|Any CPU
		{7AB41DF9-F289-466F-882C-6ADF336EA5D0}.Debug|Any CPU.ActiveCfg = Debug|Any CPU
		{7AB41DF9-F289-466F-882C-6ADF336EA5D0}.Debug|Any CPU.Build.0 = Debug|Any CPU
		{7AB41DF9-F289-466F-882C-6ADF336EA5D0}.Release|Any CPU.ActiveCfg = Release|Any CPU
		{7AB41DF9-F289-466F-882C-6ADF336EA5D0}.Release|Any CPU.Build.0 = Release|Any CPU
		{1AC59804-834D-4660-AE1C-D3779D6C46C1}.Debug|Any CPU.ActiveCfg = Debug|Any CPU
		{1AC59804-834D-4660-AE1C-D3779D6C46C1}.Debug|Any CPU.Build.0 = Debug|Any CPU
		{1AC59804-834D-4660-AE1C-D3779D6C46C1}.Release|Any CPU.ActiveCfg = Release|Any CPU
		{1AC59804-834D-4660-AE1C-D3779D6C46C1}.Release|Any CPU.Build.0 = Release|Any CPU
	EndGlobalSection
	GlobalSection(SolutionProperties) = preSolution
		HideSolutionNode = FALSE
	EndGlobalSection
	GlobalSection(ExtensibilityGlobals) = postSolution
		SolutionGuid = {1F3A155A-B366-4DA2-A3F7-9173775E9289}
	EndGlobalSection
EndGlobal
